
Microsoft Visual Studio Solution File, Format Version 12.00
# Visual Studio Version 16
VisualStudioVersion = 16.0.31605.320
MinimumVisualStudioVersion = 10.0.40219.1
Project("{FAE04EC0-301F-11D3-BF4B-00C04F79EFBC}") = "ForumManagement", "ForumManagement\ForumManagement.csproj", "{484A6A7E-C500-4331-88C8-92DA5594F380}"
EndProject
Global
	GlobalSection(SolutionConfigurationPlatforms) = preSolution
		Debug|Any CPU = Debug|Any CPU
		Release|Any CPU = Release|Any CPU
	EndGlobalSection
	GlobalSection(ProjectConfigurationPlatforms) = postSolution
		{484A6A7E-C500-4331-88C8-92DA5594F380}.Debug|Any CPU.ActiveCfg = Debug|Any CPU
		{484A6A7E-C500-4331-88C8-92DA5594F380}.Debug|Any CPU.Build.0 = Debug|Any CPU
		{484A6A7E-C500-4331-88C8-92DA5594F380}.Release|Any CPU.ActiveCfg = Release|Any CPU
		{484A6A7E-C500-4331-88C8-92DA5594F380}.Release|Any CPU.Build.0 = Release|Any CPU
	EndGlobalSection
	GlobalSection(SolutionProperties) = preSolution
		HideSolutionNode = FALSE
	EndGlobalSection
	GlobalSection(ExtensibilityGlobals) = postSolution
		SolutionGuid = {DD6F7034-B192-4BCA-A737-402703B9FAF1}
	EndGlobalSection
EndGlobal
